{
  "name": "webdash",
  "version": "1.0.0",
  "lockfileVersion": 2,
  "requires": true,
  "packages": {
    "": {
      "name": "webdash",
      "version": "1.0.0",
      "dependencies": {
        "wolfbyte-networktables": "^1.7.3"
      }
    },
    "node_modules/ieee754": {
      "version": "1.2.1",
      "resolved": "https://registry.npmjs.org/ieee754/-/ieee754-1.2.1.tgz",
      "integrity": "sha512-dcyqhDvX1C46lXZcVqCpK+FtMRQVdIMN6/Df5js2zouUsqG7I6sFxitIC+7KYK29KdXOLHdu9zL4sFnoVQnqaA==",
      "funding": [
        {
          "type": "github",
          "url": "https://github.com/sponsors/feross"
        },
        {
          "type": "patreon",
          "url": "https://www.patreon.com/feross"
        },
        {
          "type": "consulting",
          "url": "https://feross.org/support"
        }
      ]
    },
    "node_modules/wolfbyte-networktables": {
      "version": "1.7.3",
      "resolved": "https://registry.npmjs.org/wolfbyte-networktables/-/wolfbyte-networktables-1.7.3.tgz",
      "integrity": "sha512-WgylNDdgB5AkW3jN9u1QugXfH22wrAkGEsDyRs2zeFoKWjuTTszORdT/gm00+Lht2vEA/wGCT7ASVxeltYcGvg==",
      "dependencies": {
        "ieee754": "^1.1.8"
      },
      "engines": {
        "node": ">4.0"
      }
    }
  },
  "dependencies": {
    "ieee754": {
      "version": "1.2.1",
      "resolved": "https://registry.npmjs.org/ieee754/-/ieee754-1.2.1.tgz",
      "integrity": "sha512-dcyqhDvX1C46lXZcVqCpK+FtMRQVdIMN6/Df5js2zouUsqG7I6sFxitIC+7KYK29KdXOLHdu9zL4sFnoVQnqaA=="
    },
    "wolfbyte-networktables": {
      "version": "1.7.3",
      "resolved": "https://registry.npmjs.org/wolfbyte-networktables/-/wolfbyte-networktables-1.7.3.tgz",
      "integrity": "sha512-WgylNDdgB5AkW3jN9u1QugXfH22wrAkGEsDyRs2zeFoKWjuTTszORdT/gm00+Lht2vEA/wGCT7ASVxeltYcGvg==",
      "requires": {
        "ieee754": "^1.1.8"
      }
    }
  }
}
